// !$*UTF8*$!
{
	archiveVersion = 1;
	classes = {
	};
	objectVersion = 46;
	objects = {

/* Begin PBXBuildFile section */
		1499F1B183DB39657054AD80 /* libPods.a in Frameworks */ = {isa = PBXBuildFile; fileRef = E631E13C4A3E4933592574DA /* libPods.a */; };
		190536C61C9FD56100564A4E /* TestAPIModel.m in Sources */ = {isa = PBXBuildFile; fileRef = 190536C51C9FD56100564A4E /* TestAPIModel.m */; };
		190536CF1C9FE88500564A4E /* XMNetworkServiceManager.m in Sources */ = {isa = PBXBuildFile; fileRef = 190536CA1C9FE88500564A4E /* XMNetworkServiceManager.m */; };
		190536D01C9FE88500564A4E /* XMNetworkServiceMehtodBaseAPI.m in Sources */ = {isa = PBXBuildFile; fileRef = 190536CC1C9FE88500564A4E /* XMNetworkServiceMehtodBaseAPI.m */; };
		190536D11C9FE88500564A4E /* XMNetworkSystemConfiguration.m in Sources */ = {isa = PBXBuildFile; fileRef = 190536CE1C9FE88500564A4E /* XMNetworkSystemConfiguration.m */; };
		197852481BFC585F0043D893 /* main.m in Sources */ = {isa = PBXBuildFile; fileRef = 197852471BFC585F0043D893 /* main.m */; };
		1978524B1BFC585F0043D893 /* AppDelegate.m in Sources */ = {isa = PBXBuildFile; fileRef = 1978524A1BFC585F0043D893 /* AppDelegate.m */; };
		1978524E1BFC585F0043D893 /* ViewController.m in Sources */ = {isa = PBXBuildFile; fileRef = 1978524D1BFC585F0043D893 /* ViewController.m */; };
		197852511BFC585F0043D893 /* Main.storyboard in Resources */ = {isa = PBXBuildFile; fileRef = 1978524F1BFC585F0043D893 /* Main.storyboard */; };
		197852541BFC585F0043D893 /* Network.xcdatamodeld in Sources */ = {isa = PBXBuildFile; fileRef = 197852521BFC585F0043D893 /* Network.xcdatamodeld */; };
		197852561BFC585F0043D893 /* Assets.xcassets in Resources */ = {isa = PBXBuildFile; fileRef = 197852551BFC585F0043D893 /* Assets.xcassets */; };
		197852591BFC585F0043D893 /* LaunchScreen.storyboard in Resources */ = {isa = PBXBuildFile; fileRef = 197852571BFC585F0043D893 /* LaunchScreen.storyboard */; };
		197852641BFC585F0043D893 /* NetworkTests.m in Sources */ = {isa = PBXBuildFile; fileRef = 197852631BFC585F0043D893 /* NetworkTests.m */; };
		1978526F1BFC585F0043D893 /* NetworkUITests.m in Sources */ = {isa = PBXBuildFile; fileRef = 1978526E1BFC585F0043D893 /* NetworkUITests.m */; };
		19D9F8981BFD9E65005271F4 /* UserAPIModel.m in Sources */ = {isa = PBXBuildFile; fileRef = 19D9F8971BFD9E65005271F4 /* UserAPIModel.m */; };
/* End PBXBuildFile section */

/* Begin PBXContainerItemProxy section */
		197852601BFC585F0043D893 /* PBXContainerItemProxy */ = {
			isa = PBXContainerItemProxy;
			containerPortal = 1978523B1BFC585F0043D893 /* Project object */;
			proxyType = 1;
			remoteGlobalIDString = 197852421BFC585F0043D893;
			remoteInfo = Network;
		};
		1978526B1BFC585F0043D893 /* PBXContainerItemProxy */ = {
			isa = PBXContainerItemProxy;
			containerPortal = 1978523B1BFC585F0043D893 /* Project object */;
			proxyType = 1;
			remoteGlobalIDString = 197852421BFC585F0043D893;
			remoteInfo = Network;
		};
/* End PBXContainerItemProxy section */

/* Begin PBXFileReference section */
		190536C41C9FD56100564A4E /* TestAPIModel.h */ = {isa = PBXFileReference; fileEncoding = 4; lastKnownFileType = sourcecode.c.h; name = TestAPIModel.h; path = APIModel/TestAPIModel.h; sourceTree = "<group>"; };
		190536C51C9FD56100564A4E /* TestAPIModel.m */ = {isa = PBXFileReference; fileEncoding = 4; lastKnownFileType = sourcecode.c.objc; name = TestAPIModel.m; path = APIModel/TestAPIModel.m; sourceTree = "<group>"; };
		190536C81C9FE88500564A4E /* XMNetworkServiceConfigMethodInterface.h */ = {isa = PBXFileReference; fileEncoding = 4; lastKnownFileType = sourcecode.c.h; path = XMNetworkServiceConfigMethodInterface.h; sourceTree = "<group>"; };
		190536C91C9FE88500564A4E /* XMNetworkServiceManager.h */ = {isa = PBXFileReference; fileEncoding = 4; lastKnownFileType = sourcecode.c.h; path = XMNetworkServiceManager.h; sourceTree = "<group>"; };
		190536CA1C9FE88500564A4E /* XMNetworkServiceManager.m */ = {isa = PBXFileReference; fileEncoding = 4; lastKnownFileType = sourcecode.c.objc; path = XMNetworkServiceManager.m; sourceTree = "<group>"; };
		190536CB1C9FE88500564A4E /* XMNetworkServiceMehtodBaseAPI.h */ = {isa = PBXFileReference; fileEncoding = 4; lastKnownFileType = sourcecode.c.h; name = XMNetworkServiceMehtodBaseAPI.h; path = XMNetworkService/XMNetworkServiceMehtodBaseAPI.h; sourceTree = "<group>"; };
		190536CC1C9FE88500564A4E /* XMNetworkServiceMehtodBaseAPI.m */ = {isa = PBXFileReference; fileEncoding = 4; lastKnownFileType = sourcecode.c.objc; name = XMNetworkServiceMehtodBaseAPI.m; path = XMNetworkService/XMNetworkServiceMehtodBaseAPI.m; sourceTree = "<group>"; };
		190536CD1C9FE88500564A4E /* XMNetworkSystemConfiguration.h */ = {isa = PBXFileReference; fileEncoding = 4; lastKnownFileType = sourcecode.c.h; name = XMNetworkSystemConfiguration.h; path = XMNetworkService/XMNetworkSystemConfiguration.h; sourceTree = "<group>"; };
		190536CE1C9FE88500564A4E /* XMNetworkSystemConfiguration.m */ = {isa = PBXFileReference; fileEncoding = 4; lastKnownFileType = sourcecode.c.objc; name = XMNetworkSystemConfiguration.m; path = XMNetworkService/XMNetworkSystemConfiguration.m; sourceTree = "<group>"; };
		197852431BFC585F0043D893 /* Network.app */ = {isa = PBXFileReference; explicitFileType = wrapper.application; includeInIndex = 0; path = Network.app; sourceTree = BUILT_PRODUCTS_DIR; };
		197852471BFC585F0043D893 /* main.m */ = {isa = PBXFileReference; lastKnownFileType = sourcecode.c.objc; path = main.m; sourceTree = "<group>"; };
		197852491BFC585F0043D893 /* AppDelegate.h */ = {isa = PBXFileReference; lastKnownFileType = sourcecode.c.h; path = AppDelegate.h; sourceTree = "<group>"; };
		1978524A1BFC585F0043D893 /* AppDelegate.m */ = {isa = PBXFileReference; lastKnownFileType = sourcecode.c.objc; path = AppDelegate.m; sourceTree = "<group>"; };
		1978524C1BFC585F0043D893 /* ViewController.h */ = {isa = PBXFileReference; lastKnownFileType = sourcecode.c.h; path = ViewController.h; sourceTree = "<group>"; };
		1978524D1BFC585F0043D893 /* ViewController.m */ = {isa = PBXFileReference; lastKnownFileType = sourcecode.c.objc; path = ViewController.m; sourceTree = "<group>"; };
		197852501BFC585F0043D893 /* Base */ = {isa = PBXFileReference; lastKnownFileType = file.storyboard; name = Base; path = Base.lproj/Main.storyboard; sourceTree = "<group>"; };
		197852531BFC585F0043D893 /* Network.xcdatamodel */ = {isa = PBXFileReference; lastKnownFileType = wrapper.xcdatamodel; path = Network.xcdatamodel; sourceTree = "<group>"; };
		197852551BFC585F0043D893 /* Assets.xcassets */ = {isa = PBXFileReference; lastKnownFileType = folder.assetcatalog; path = Assets.xcassets; sourceTree = "<group>"; };
		197852581BFC585F0043D893 /* Base */ = {isa = PBXFileReference; lastKnownFileType = file.storyboard; name = Base; path = Base.lproj/LaunchScreen.storyboard; sourceTree = "<group>"; };
		1978525A1BFC585F0043D893 /* Info.plist */ = {isa = PBXFileReference; lastKnownFileType = text.plist.xml; path = Info.plist; sourceTree = "<group>"; };
		1978525F1BFC585F0043D893 /* NetworkTests.xctest */ = {isa = PBXFileReference; explicitFileType = wrapper.cfbundle; includeInIndex = 0; path = NetworkTests.xctest; sourceTree = BUILT_PRODUCTS_DIR; };
		197852631BFC585F0043D893 /* NetworkTests.m */ = {isa = PBXFileReference; lastKnownFileType = sourcecode.c.objc; path = NetworkTests.m; sourceTree = "<group>"; };
		197852651BFC585F0043D893 /* Info.plist */ = {isa = PBXFileReference; lastKnownFileType = text.plist.xml; path = Info.plist; sourceTree = "<group>"; };
		1978526A1BFC585F0043D893 /* NetworkUITests.xctest */ = {isa = PBXFileReference; explicitFileType = wrapper.cfbundle; includeInIndex = 0; path = NetworkUITests.xctest; sourceTree = BUILT_PRODUCTS_DIR; };
		1978526E1BFC585F0043D893 /* NetworkUITests.m */ = {isa = PBXFileReference; lastKnownFileType = sourcecode.c.objc; path = NetworkUITests.m; sourceTree = "<group>"; };
		197852701BFC585F0043D893 /* Info.plist */ = {isa = PBXFileReference; lastKnownFileType = text.plist.xml; path = Info.plist; sourceTree = "<group>"; };
		19C91A2F1CDC484C004A5708 /* XMNetworkServiceConfigSystemInterface.h */ = {isa = PBXFileReference; fileEncoding = 4; lastKnownFileType = sourcecode.c.h; path = XMNetworkServiceConfigSystemInterface.h; sourceTree = "<group>"; };
		19C91A301CDC4A2B004A5708 /* XMNetworkServiceConfigInterface.h */ = {isa = PBXFileReference; fileEncoding = 4; lastKnownFileType = sourcecode.c.h; path = XMNetworkServiceConfigInterface.h; sourceTree = "<group>"; };
		19D9F8961BFD9E65005271F4 /* UserAPIModel.h */ = {isa = PBXFileReference; fileEncoding = 4; lastKnownFileType = sourcecode.c.h; name = UserAPIModel.h; path = APIModel/UserAPIModel.h; sourceTree = "<group>"; };
		19D9F8971BFD9E65005271F4 /* UserAPIModel.m */ = {isa = PBXFileReference; fileEncoding = 4; lastKnownFileType = sourcecode.c.objc; name = UserAPIModel.m; path = APIModel/UserAPIModel.m; sourceTree = "<group>"; };
		B6ACAC883538B472271F3C06 /* Pods.release.xcconfig */ = {isa = PBXFileReference; includeInIndex = 1; lastKnownFileType = text.xcconfig; name = Pods.release.xcconfig; path = "Pods/Target Support Files/Pods/Pods.release.xcconfig"; sourceTree = "<group>"; };
		CFF54161DD4C0AA88AA191E2 /* Pods.debug.xcconfig */ = {isa = PBXFileReference; includeInIndex = 1; lastKnownFileType = text.xcconfig; name = Pods.debug.xcconfig; path = "Pods/Target Support Files/Pods/Pods.debug.xcconfig"; sourceTree = "<group>"; };
		E631E13C4A3E4933592574DA /* libPods.a */ = {isa = PBXFileReference; explicitFileType = archive.ar; includeInIndex = 0; path = libPods.a; sourceTree = BUILT_PRODUCTS_DIR; };
/* End PBXFileReference section */

/* Begin PBXFrameworksBuildPhase section */
		197852401BFC585F0043D893 /* Frameworks */ = {
			isa = PBXFrameworksBuildPhase;
			buildActionMask = 2147483647;
			files = (
				1499F1B183DB39657054AD80 /* libPods.a in Frameworks */,
			);
			runOnlyForDeploymentPostprocessing = 0;
		};
		1978525C1BFC585F0043D893 /* Frameworks */ = {
			isa = PBXFrameworksBuildPhase;
			buildActionMask = 2147483647;
			files = (
			);
			runOnlyForDeploymentPostprocessing = 0;
		};
		197852671BFC585F0043D893 /* Frameworks */ = {
			isa = PBXFrameworksBuildPhase;
			buildActionMask = 2147483647;
			files = (
			);
			runOnlyForDeploymentPostprocessing = 0;
		};
/* End PBXFrameworksBuildPhase section */

/* Begin PBXGroup section */
		190536C71C9FE88500564A4E /* XMNetworkService */ = {
			isa = PBXGroup;
			children = (
				190536C81C9FE88500564A4E /* XMNetworkServiceConfigMethodInterface.h */,
				19C91A2F1CDC484C004A5708 /* XMNetworkServiceConfigSystemInterface.h */,
				19C91A301CDC4A2B004A5708 /* XMNetworkServiceConfigInterface.h */,
				190536C91C9FE88500564A4E /* XMNetworkServiceManager.h */,
				190536CA1C9FE88500564A4E /* XMNetworkServiceManager.m */,
			);
			path = XMNetworkService;
			sourceTree = "<group>";
		};
		1978523A1BFC585F0043D893 = {
			isa = PBXGroup;
			children = (
				197852451BFC585F0043D893 /* Network */,
				197852621BFC585F0043D893 /* NetworkTests */,
				1978526D1BFC585F0043D893 /* NetworkUITests */,
				197852441BFC585F0043D893 /* Products */,
				D36987770775EA98B5CE37A5 /* Pods */,
				32FA195D4869358C4146F02D /* Frameworks */,
			);
			sourceTree = "<group>";
		};
		197852441BFC585F0043D893 /* Products */ = {
			isa = PBXGroup;
			children = (
				197852431BFC585F0043D893 /* Network.app */,
				1978525F1BFC585F0043D893 /* NetworkTests.xctest */,
				1978526A1BFC585F0043D893 /* NetworkUITests.xctest */,
			);
			name = Products;
			sourceTree = "<group>";
		};
		197852451BFC585F0043D893 /* Network */ = {
			isa = PBXGroup;
			children = (
				190536CB1C9FE88500564A4E /* XMNetworkServiceMehtodBaseAPI.h */,
				190536CC1C9FE88500564A4E /* XMNetworkServiceMehtodBaseAPI.m */,
				190536CD1C9FE88500564A4E /* XMNetworkSystemConfiguration.h */,
				190536CE1C9FE88500564A4E /* XMNetworkSystemConfiguration.m */,
				190536C71C9FE88500564A4E /* XMNetworkService */,
				19D9F8951BFD9E3D005271F4 /* APIModel */,
				197852491BFC585F0043D893 /* AppDelegate.h */,
				1978524A1BFC585F0043D893 /* AppDelegate.m */,
				1978524C1BFC585F0043D893 /* ViewController.h */,
				1978524D1BFC585F0043D893 /* ViewController.m */,
				1978524F1BFC585F0043D893 /* Main.storyboard */,
				197852551BFC585F0043D893 /* Assets.xcassets */,
				197852571BFC585F0043D893 /* LaunchScreen.storyboard */,
				1978525A1BFC585F0043D893 /* Info.plist */,
				197852521BFC585F0043D893 /* Network.xcdatamodeld */,
				197852461BFC585F0043D893 /* Supporting Files */,
			);
			path = Network;
			sourceTree = "<group>";
		};
		197852461BFC585F0043D893 /* Supporting Files */ = {
			isa = PBXGroup;
			children = (
				197852471BFC585F0043D893 /* main.m */,
			);
			name = "Supporting Files";
			sourceTree = "<group>";
		};
		197852621BFC585F0043D893 /* NetworkTests */ = {
			isa = PBXGroup;
			children = (
				197852631BFC585F0043D893 /* NetworkTests.m */,
				197852651BFC585F0043D893 /* Info.plist */,
			);
			path = NetworkTests;
			sourceTree = "<group>";
		};
		1978526D1BFC585F0043D893 /* NetworkUITests */ = {
			isa = PBXGroup;
			children = (
				1978526E1BFC585F0043D893 /* NetworkUITests.m */,
				197852701BFC585F0043D893 /* Info.plist */,
			);
			path = NetworkUITests;
			sourceTree = "<group>";
		};
		19D9F8951BFD9E3D005271F4 /* APIModel */ = {
			isa = PBXGroup;
			children = (
				19D9F8961BFD9E65005271F4 /* UserAPIModel.h */,
				19D9F8971BFD9E65005271F4 /* UserAPIModel.m */,
				190536C41C9FD56100564A4E /* TestAPIModel.h */,
				190536C51C9FD56100564A4E /* TestAPIModel.m */,
			);
			name = APIModel;
			sourceTree = "<group>";
		};
		32FA195D4869358C4146F02D /* Frameworks */ = {
			isa = PBXGroup;
			children = (
				E631E13C4A3E4933592574DA /* libPods.a */,
			);
			name = Frameworks;
			sourceTree = "<group>";
		};
		D36987770775EA98B5CE37A5 /* Pods */ = {
			isa = PBXGroup;
			children = (
				CFF54161DD4C0AA88AA191E2 /* Pods.debug.xcconfig */,
				B6ACAC883538B472271F3C06 /* Pods.release.xcconfig */,
			);
			name = Pods;
			sourceTree = "<group>";
		};
/* End PBXGroup section */

/* Begin PBXNativeTarget section */
		197852421BFC585F0043D893 /* Network */ = {
			isa = PBXNativeTarget;
			buildConfigurationList = 197852731BFC585F0043D893 /* Build configuration list for PBXNativeTarget "Network" */;
			buildPhases = (
				7B6A15B06D7C46D4A75B07BB /* Check Pods Manifest.lock */,
				1978523F1BFC585F0043D893 /* Sources */,
				197852401BFC585F0043D893 /* Frameworks */,
				197852411BFC585F0043D893 /* Resources */,
				058D4DD33661B9289B3DB210 /* Embed Pods Frameworks */,
				C937E15FACB1056584B4038E /* Copy Pods Resources */,
			);
			buildRules = (
			);
			dependencies = (
			);
			name = Network;
			productName = Network;
			productReference = 197852431BFC585F0043D893 /* Network.app */;
			productType = "com.apple.product-type.application";
		};
		1978525E1BFC585F0043D893 /* NetworkTests */ = {
			isa = PBXNativeTarget;
			buildConfigurationList = 197852761BFC585F0043D893 /* Build configuration list for PBXNativeTarget "NetworkTests" */;
			buildPhases = (
				1978525B1BFC585F0043D893 /* Sources */,
				1978525C1BFC585F0043D893 /* Frameworks */,
				1978525D1BFC585F0043D893 /* Resources */,
			);
			buildRules = (
			);
			dependencies = (
				197852611BFC585F0043D893 /* PBXTargetDependency */,
			);
			name = NetworkTests;
			productName = NetworkTests;
			productReference = 1978525F1BFC585F0043D893 /* NetworkTests.xctest */;
			productType = "com.apple.product-type.bundle.unit-test";
		};
		197852691BFC585F0043D893 /* NetworkUITests */ = {
			isa = PBXNativeTarget;
			buildConfigurationList = 197852791BFC585F0043D893 /* Build configuration list for PBXNativeTarget "NetworkUITests" */;
			buildPhases = (
				197852661BFC585F0043D893 /* Sources */,
				197852671BFC585F0043D893 /* Frameworks */,
				197852681BFC585F0043D893 /* Resources */,
			);
			buildRules = (
			);
			dependencies = (
				1978526C1BFC585F0043D893 /* PBXTargetDependency */,
			);
			name = NetworkUITests;
			productName = NetworkUITests;
			productReference = 1978526A1BFC585F0043D893 /* NetworkUITests.xctest */;
			productType = "com.apple.product-type.bundle.ui-testing";
		};
/* End PBXNativeTarget section */

/* Begin PBXProject section */
		1978523B1BFC585F0043D893 /* Project object */ = {
			isa = PBXProject;
			attributes = {
				CLASSPREFIX = XM;
				LastUpgradeCheck = 0710;
				ORGANIZATIONNAME = Simin;
				TargetAttributes = {
					197852421BFC585F0043D893 = {
						CreatedOnToolsVersion = 7.1.1;
					};
					1978525E1BFC585F0043D893 = {
						CreatedOnToolsVersion = 7.1.1;
						TestTargetID = 197852421BFC585F0043D893;
					};
					197852691BFC585F0043D893 = {
						CreatedOnToolsVersion = 7.1.1;
						TestTargetID = 197852421BFC585F0043D893;
					};
				};
			};
			buildConfigurationList = 1978523E1BFC585F0043D893 /* Build configuration list for PBXProject "Network" */;
			compatibilityVersion = "Xcode 3.2";
			developmentRegion = English;
			hasScannedForEncodings = 0;
			knownRegions = (
				en,
				Base,
			);
			mainGroup = 1978523A1BFC585F0043D893;
			productRefGroup = 197852441BFC585F0043D893 /* Products */;
			projectDirPath = "";
			projectRoot = "";
			targets = (
				197852421BFC585F0043D893 /* Network */,
				1978525E1BFC585F0043D893 /* NetworkTests */,
				197852691BFC585F0043D893 /* NetworkUITests */,
			);
		};
/* End PBXProject section */

/* Begin PBXResourcesBuildPhase section */
		197852411BFC585F0043D893 /* Resources */ = {
			isa = PBXResourcesBuildPhase;
			buildActionMask = 2147483647;
			files = (
				197852591BFC585F0043D893 /* LaunchScreen.storyboard in Resources */,
				197852561BFC585F0043D893 /* Assets.xcassets in Resources */,
				197852511BFC585F0043D893 /* Main.storyboard in Resources */,
			);
			runOnlyForDeploymentPostprocessing = 0;
		};
		1978525D1BFC585F0043D893 /* Resources */ = {
			isa = PBXResourcesBuildPhase;
			buildActionMask = 2147483647;
			files = (
			);
			runOnlyForDeploymentPostprocessing = 0;
		};
		197852681BFC585F0043D893 /* Resources */ = {
			isa = PBXResourcesBuildPhase;
			buildActionMask = 2147483647;
			files = (
			);
			runOnlyForDeploymentPostprocessing = 0;
		};
/* End PBXResourcesBuildPhase section */

/* Begin PBXShellScriptBuildPhase section */
		058D4DD33661B9289B3DB210 /* Embed Pods Frameworks */ = {
			isa = PBXShellScriptBuildPhase;
			buildActionMask = 2147483647;
			files = (
			);
			inputPaths = (
			);
			name = "Embed Pods Frameworks";
			outputPaths = (
			);
			runOnlyForDeploymentPostprocessing = 0;
			shellPath = /bin/sh;
			shellScript = "\"${SRCROOT}/Pods/Target Support Files/Pods/Pods-frameworks.sh\"\n";
			showEnvVarsInLog = 0;
		};
		7B6A15B06D7C46D4A75B07BB /* Check Pods Manifest.lock */ = {
			isa = PBXShellScriptBuildPhase;
			buildActionMask = 2147483647;
			files = (
			);
			inputPaths = (
			);
			name = "Check Pods Manifest.lock";
			outputPaths = (
			);
			runOnlyForDeploymentPostprocessing = 0;
			shellPath = /bin/sh;
			shellScript = "diff \"${PODS_ROOT}/../Podfile.lock\" \"${PODS_ROOT}/Manifest.lock\" > /dev/null\nif [[ $? != 0 ]] ; then\n    cat << EOM\nerror: The sandbox is not in sync with the Podfile.lock. Run 'pod install' or update your CocoaPods installation.\nEOM\n    exit 1\nfi\n";
			showEnvVarsInLog = 0;
		};
		C937E15FACB1056584B4038E /* Copy Pods Resources */ = {
			isa = PBXShellScriptBuildPhase;
			buildActionMask = 2147483647;
			files = (
			);
			inputPaths = (
			);
			name = "Copy Pods Resources";
			outputPaths = (
			);
			runOnlyForDeploymentPostprocessing = 0;
			shellPath = /bin/sh;
			shellScript = "\"${SRCROOT}/Pods/Target Support Files/Pods/Pods-resources.sh\"\n";
			showEnvVarsInLog = 0;
		};
/* End PBXShellScriptBuildPhase section */

/* Begin PBXSourcesBuildPhase section */
		1978523F1BFC585F0043D893 /* Sources */ = {
			isa = PBXSourcesBuildPhase;
			buildActionMask = 2147483647;
			files = (
				190536D01C9FE88500564A4E /* XMNetworkServiceMehtodBaseAPI.m in Sources */,
				190536CF1C9FE88500564A4E /* XMNetworkServiceManager.m in Sources */,
				1978524E1BFC585F0043D893 /* ViewController.m in Sources */,
				190536C61C9FD56100564A4E /* TestAPIModel.m in Sources */,
				1978524B1BFC585F0043D893 /* AppDelegate.m in Sources */,
				19D9F8981BFD9E65005271F4 /* UserAPIModel.m in Sources */,
				190536D11C9FE88500564A4E /* XMNetworkSystemConfiguration.m in Sources */,
				197852541BFC585F0043D893 /* Network.xcdatamodeld in Sources */,
				197852481BFC585F0043D893 /* main.m in Sources */,
			);
			runOnlyForDeploymentPostprocessing = 0;
		};
		1978525B1BFC585F0043D893 /* Sources */ = {
			isa = PBXSourcesBuildPhase;
			buildActionMask = 2147483647;
			files = (
				197852641BFC585F0043D893 /* NetworkTests.m in Sources */,
			);
			runOnlyForDeploymentPostprocessing = 0;
		};
		197852661BFC585F0043D893 /* Sources */ = {
			isa = PBXSourcesBuildPhase;
			buildActionMask = 2147483647;
			files = (
				1978526F1BFC585F0043D893 /* NetworkUITests.m in Sources */,
			);
			runOnlyForDeploymentPostprocessing = 0;
		};
/* End PBXSourcesBuildPhase section */

/* Begin PBXTargetDependency section */
		197852611BFC585F0043D893 /* PBXTargetDependency */ = {
			isa = PBXTargetDependency;
			target = 197852421BFC585F0043D893 /* Network */;
			targetProxy = 197852601BFC585F0043D893 /* PBXContainerItemProxy */;
		};
		1978526C1BFC585F0043D893 /* PBXTargetDependency */ = {
			isa = PBXTargetDependency;
			target = 197852421BFC585F0043D893 /* Network */;
			targetProxy = 1978526B1BFC585F0043D893 /* PBXContainerItemProxy */;
		};
/* End PBXTargetDependency section */

/* Begin PBXVariantGroup section */
		1978524F1BFC585F0043D893 /* Main.storyboard */ = {
			isa = PBXVariantGroup;
			children = (
				197852501BFC585F0043D893 /* Base */,
			);
			name = Main.storyboard;
			sourceTree = "<group>";
		};
		197852571BFC585F0043D893 /* LaunchScreen.storyboard */ = {
			isa = PBXVariantGroup;
			children = (
				197852581BFC585F0043D893 /* Base */,
			);
			name = LaunchScreen.storyboard;
			sourceTree = "<group>";
		};
/* End PBXVariantGroup section */

/* Begin XCBuildConfiguration section */
		197852711BFC585F0043D893 /* Debug */ = {
			isa = XCBuildConfiguration;
			buildSettings = {
				ALWAYS_SEARCH_USER_PATHS = NO;
				CLANG_CXX_LANGUAGE_STANDARD = "gnu++0x";
				CLANG_CXX_LIBRARY = "libc++";
				CLANG_ENABLE_MODULES = YES;
				CLANG_ENABLE_OBJC_ARC = YES;
				CLANG_WARN_BOOL_CONVERSION = YES;
				CLANG_WARN_CONSTANT_CONVERSION = YES;
				CLANG_WARN_DIRECT_OBJC_ISA_USAGE = YES_ERROR;
				CLANG_WARN_EMPTY_BODY = YES;
				CLANG_WARN_ENUM_CONVERSION = YES;
				CLANG_WARN_INT_CONVERSION = YES;
				CLANG_WARN_OBJC_ROOT_CLASS = YES_ERROR;
				CLANG_WARN_UNREACHABLE_CODE = YES;
				CLANG_WARN__DUPLICATE_METHOD_MATCH = YES;
				"CODE_SIGN_IDENTITY[sdk=iphoneos*]" = "iPhone Developer";
				COPY_PHASE_STRIP = NO;
				DEBUG_INFORMATION_FORMAT = dwarf;
				ENABLE_STRICT_OBJC_MSGSEND = YES;
				ENABLE_TESTABILITY = YES;
				GCC_C_LANGUAGE_STANDARD = gnu99;
				GCC_DYNAMIC_NO_PIC = NO;
				GCC_NO_COMMON_BLOCKS = YES;
				GCC_OPTIMIZATION_LEVEL = 0;
				GCC_PREPROCESSOR_DEFINITIONS = (
					"DEBUG=1",
					"$(inherited)",
				);
				GCC_WARN_64_TO_32_BIT_CONVERSION = YES;
				GCC_WARN_ABOUT_RETURN_TYPE = YES_ERROR;
				GCC_WARN_UNDECLARED_SELECTOR = YES;
				GCC_WARN_UNINITIALIZED_AUTOS = YES_AGGRESSIVE;
				GCC_WARN_UNUSED_FUNCTION = YES;
				GCC_WARN_UNUSED_VARIABLE = YES;
				IPHONEOS_DEPLOYMENT_TARGET = 9.1;
				MTL_ENABLE_DEBUG_INFO = YES;
				ONLY_ACTIVE_ARCH = YES;
				SDKROOT = iphoneos;
			};
			name = Debug;
		};
		197852721BFC585F0043D893 /* Release */ = {
			isa = XCBuildConfiguration;
			buildSettings = {
				ALWAYS_SEARCH_USER_PATHS = NO;
				CLANG_CXX_LANGUAGE_STANDARD = "gnu++0x";
				CLANG_CXX_LIBRARY = "libc++";
				CLANG_ENABLE_MODULES = YES;
				CLANG_ENABLE_OBJC_ARC = YES;
				CLANG_WARN_BOOL_CONVERSION = YES;
				CLANG_WARN_CONSTANT_CONVERSION = YES;
				CLANG_WARN_DIRECT_OBJC_ISA_USAGE = YES_ERROR;
				CLANG_WARN_EMPTY_BODY = YES;
				CLANG_WARN_ENUM_CONVERSION = YES;
				CLANG_WARN_INT_CONVERSION = YES;
				CLANG_WARN_OBJC_ROOT_CLASS = YES_ERROR;
				CLANG_WARN_UNREACHABLE_CODE = YES;
				CLANG_WARN__DUPLICATE_METHOD_MATCH = YES;
				"CODE_SIGN_IDENTITY[sdk=iphoneos*]" = "iPhone Developer";
				COPY_PHASE_STRIP = NO;
				DEBUG_INFORMATION_FORMAT = "dwarf-with-dsym";
				ENABLE_NS_ASSERTIONS = NO;
				ENABLE_STRICT_OBJC_MSGSEND = YES;
				GCC_C_LANGUAGE_STANDARD = gnu99;
				GCC_NO_COMMON_BLOCKS = YES;
				GCC_WARN_64_TO_32_BIT_CONVERSION = YES;
				GCC_WARN_ABOUT_RETURN_TYPE = YES_ERROR;
				GCC_WARN_UNDECLARED_SELECTOR = YES;
				GCC_WARN_UNINITIALIZED_AUTOS = YES_AGGRESSIVE;
				GCC_WARN_UNUSED_FUNCTION = YES;
				GCC_WARN_UNUSED_VARIABLE = YES;
				IPHONEOS_DEPLOYMENT_TARGET = 9.1;
				MTL_ENABLE_DEBUG_INFO = NO;
				SDKROOT = iphoneos;
				VALIDATE_PRODUCT = YES;
			};
			name = Release;
		};
		197852741BFC585F0043D893 /* Debug */ = {
			isa = XCBuildConfiguration;
			baseConfigurationReference = CFF54161DD4C0AA88AA191E2 /* Pods.debug.xcconfig */;
			buildSettings = {
				ASSETCATALOG_COMPILER_APPICON_NAME = AppIcon;
				INFOPLIST_FILE = Network/Info.plist;
				LD_RUNPATH_SEARCH_PATHS = "$(inherited) @executable_path/Frameworks";
				PRODUCT_BUNDLE_IDENTIFIER = com.xizi.Network;
				PRODUCT_NAME = "$(TARGET_NAME)";
			};
			name = Debug;
		};
		197852751BFC585F0043D893 /* Release */ = {
			isa = XCBuildConfiguration;
			baseConfigurationReference = B6ACAC883538B472271F3C06 /* Pods.release.xcconfig */;
			buildSettings = {
				ASSETCATALOG_COMPILER_APPICON_NAME = AppIcon;
				INFOPLIST_FILE = Network/Info.plist;
				LD_RUNPATH_SEARCH_PATHS = "$(inherited) @executable_path/Frameworks";
				PRODUCT_BUNDLE_IDENTIFIER = com.xizi.Network;
				PRODUCT_NAME = "$(TARGET_NAME)";
			};
			name = Release;
		};
		197852771BFC585F0043D893 /* Debug */ = {
			isa = XCBuildConfiguration;
			buildSettings = {
				BUNDLE_LOADER = "$(TEST_HOST)";
				INFOPLIST_FILE = NetworkTests/Info.plist;
				LD_RUNPATH_SEARCH_PATHS = "$(inherited) @executable_path/Frameworks @loader_path/Frameworks";
				PRODUCT_BUNDLE_IDENTIFIER = com.xizi.NetworkTests;
				PRODUCT_NAME = "$(TARGET_NAME)";
				TEST_HOST = "$(BUILT_PRODUCTS_DIR)/Network.app/Network";
			};
			name = Debug;
		};
		197852781BFC585F0043D893 /* Release */ = {
			isa = XCBuildConfiguration;
			buildSettings = {
				BUNDLE_LOADER = "$(TEST_HOST)";
				INFOPLIST_FILE = NetworkTests/Info.plist;
				LD_RUNPATH_SEARCH_PATHS = "$(inherited) @executable_path/Frameworks @loader_path/Frameworks";
				PRODUCT_BUNDLE_IDENTIFIER = com.xizi.NetworkTests;
				PRODUCT_NAME = "$(TARGET_NAME)";
				TEST_HOST = "$(BUILT_PRODUCTS_DIR)/Network.app/Network";
			};
			name = Release;
		};
		1978527A1BFC585F0043D893 /* Debug */ = {
			isa = XCBuildConfiguration;
			buildSettings = {
				INFOPLIST_FILE = NetworkUITests/Info.plist;
				LD_RUNPATH_SEARCH_PATHS = "$(inherited) @executable_path/Frameworks @loader_path/Frameworks";
				PRODUCT_BUNDLE_IDENTIFIER = com.xizi.NetworkUITests;
				PRODUCT_NAME = "$(TARGET_NAME)";
				TEST_TARGET_NAME = Network;
				USES_XCTRUNNER = YES;
			};
			name = Debug;
		};
		1978527B1BFC585F0043D893 /* Release */ = {
			isa = XCBuildConfiguration;
			buildSettings = {
				INFOPLIST_FILE = NetworkUITests/Info.plist;
				LD_RUNPATH_SEARCH_PATHS = "$(inherited) @executable_path/Frameworks @loader_path/Frameworks";
				PRODUCT_BUNDLE_IDENTIFIER = com.xizi.NetworkUITests;
				PRODUCT_NAME = "$(TARGET_NAME)";
				TEST_TARGET_NAME = Network;
				USES_XCTRUNNER = YES;
			};
			name = Release;
		};
/* End XCBuildConfiguration section */

/* Begin XCConfigurationList section */
		1978523E1BFC585F0043D893 /* Build configuration list for PBXProject "Network" */ = {
			isa = XCConfigurationList;
			buildConfigurations = (
				197852711BFC585F0043D893 /* Debug */,
				197852721BFC585F0043D893 /* Release */,
			);
			defaultConfigurationIsVisible = 0;
			defaultConfigurationName = Release;
		};
		197852731BFC585F0043D893 /* Build configuration list for PBXNativeTarget "Network" */ = {
			isa = XCConfigurationList;
			buildConfigurations = (
				197852741BFC585F0043D893 /* Debug */,
				197852751BFC585F0043D893 /* Release */,
			);
			defaultConfigurationIsVisible = 0;
			defaultConfigurationName = Release;
		};
		197852761BFC585F0043D893 /* Build configuration list for PBXNativeTarget "NetworkTests" */ = {
			isa = XCConfigurationList;
			buildConfigurations = (
				197852771BFC585F0043D893 /* Debug */,
				197852781BFC585F0043D893 /* Release */,
			);
			defaultConfigurationIsVisible = 0;
			defaultConfigurationName = Release;
		};
		197852791BFC585F0043D893 /* Build configuration list for PBXNativeTarget "NetworkUITests" */ = {
			isa = XCConfigurationList;
			buildConfigurations = (
				1978527A1BFC585F0043D893 /* Debug */,
				1978527B1BFC585F0043D893 /* Release */,
			);
			defaultConfigurationIsVisible = 0;
			defaultConfigurationName = Release;
		};
/* End XCConfigurationList section */

/* Begin XCVersionGroup section */
		197852521BFC585F0043D893 /* Network.xcdatamodeld */ = {
			isa = XCVersionGroup;
			children = (
				197852531BFC585F0043D893 /* Network.xcdatamodel */,
			);
			currentVersion = 197852531BFC585F0043D893 /* Network.xcdatamodel */;
			path = Network.xcdatamodeld;
			sourceTree = "<group>";
			versionGroupType = wrapper.xcdatamodel;
		};
/* End XCVersionGroup section */
	};
	rootObject = 1978523B1BFC585F0043D893 /* Project object */;
}
